// !$*UTF8*$!
{
	archiveVersion = 1;
	classes = {
	};
	objectVersion = 55;
	objects = {

/* Begin PBXBuildFile section */
		A731DD58277A0B9700530EFB /* AppDelegate.swift in Sources */ = {isa = PBXBuildFile; fileRef = A731DD57277A0B9700530EFB /* AppDelegate.swift */; };
		A731DD5A277A0B9700530EFB /* SceneDelegate.swift in Sources */ = {isa = PBXBuildFile; fileRef = A731DD59277A0B9700530EFB /* SceneDelegate.swift */; };
		A731DD61277A0B9B00530EFB /* Assets.xcassets in Resources */ = {isa = PBXBuildFile; fileRef = A731DD60277A0B9B00530EFB /* Assets.xcassets */; };
		A731DD64277A0B9B00530EFB /* LaunchScreen.storyboard in Resources */ = {isa = PBXBuildFile; fileRef = A731DD62277A0B9B00530EFB /* LaunchScreen.storyboard */; };
		A731DD6D277A0D5600530EFB /* FirebaseAuth in Frameworks */ = {isa = PBXBuildFile; productRef = A731DD6C277A0D5600530EFB /* FirebaseAuth */; };
		A731DD6F277A0D5600530EFB /* FirebaseFirestore in Frameworks */ = {isa = PBXBuildFile; productRef = A731DD6E277A0D5600530EFB /* FirebaseFirestore */; };
		A731DD71277A147F00530EFB /* GoogleService-Info.plist in Resources */ = {isa = PBXBuildFile; fileRef = A731DD70277A147F00530EFB /* GoogleService-Info.plist */; };
		A731DD76278016DF00530EFB /* Quote.swift in Sources */ = {isa = PBXBuildFile; fileRef = A731DD75278016DF00530EFB /* Quote.swift */; };
		A731DD782780176C00530EFB /* QuotesManager.swift in Sources */ = {isa = PBXBuildFile; fileRef = A731DD772780176C00530EFB /* QuotesManager.swift */; };
		A731DD7A278018D400530EFB /* FirebaseQuotes.swift in Sources */ = {isa = PBXBuildFile; fileRef = A731DD79278018D400530EFB /* FirebaseQuotes.swift */; };
		A731DD7C2780195500530EFB /* Constants.swift in Sources */ = {isa = PBXBuildFile; fileRef = A731DD7B2780195500530EFB /* Constants.swift */; };
		A731DD862787453A00530EFB /* LocalNotificationManager.swift in Sources */ = {isa = PBXBuildFile; fileRef = A731DD852787453A00530EFB /* LocalNotificationManager.swift */; };
		A731DD882788A55700530EFB /* QuotesViewController.swift in Sources */ = {isa = PBXBuildFile; fileRef = A731DD872788A55600530EFB /* QuotesViewController.swift */; };
		A731DD8A2788D63C00530EFB /* QuoteTableViewCell.swift in Sources */ = {isa = PBXBuildFile; fileRef = A731DD892788D63C00530EFB /* QuoteTableViewCell.swift */; };
/* End PBXBuildFile section */

/* Begin PBXFileReference section */
		A731DD54277A0B9700530EFB /* Citate.app */ = {isa = PBXFileReference; explicitFileType = wrapper.application; includeInIndex = 0; path = Citate.app; sourceTree = BUILT_PRODUCTS_DIR; };
		A731DD57277A0B9700530EFB /* AppDelegate.swift */ = {isa = PBXFileReference; lastKnownFileType = sourcecode.swift; path = AppDelegate.swift; sourceTree = "<group>"; };
		A731DD59277A0B9700530EFB /* SceneDelegate.swift */ = {isa = PBXFileReference; lastKnownFileType = sourcecode.swift; path = SceneDelegate.swift; sourceTree = "<group>"; };
		A731DD60277A0B9B00530EFB /* Assets.xcassets */ = {isa = PBXFileReference; lastKnownFileType = folder.assetcatalog; path = Assets.xcassets; sourceTree = "<group>"; };
		A731DD63277A0B9B00530EFB /* Base */ = {isa = PBXFileReference; lastKnownFileType = file.storyboard; name = Base; path = Base.lproj/LaunchScreen.storyboard; sourceTree = "<group>"; };
		A731DD65277A0B9B00530EFB /* Info.plist */ = {isa = PBXFileReference; lastKnownFileType = text.plist.xml; path = Info.plist; sourceTree = "<group>"; };
		A731DD70277A147F00530EFB /* GoogleService-Info.plist */ = {isa = PBXFileReference; fileEncoding = 4; lastKnownFileType = text.plist.xml; path = "GoogleService-Info.plist"; sourceTree = "<group>"; };
		A731DD75278016DF00530EFB /* Quote.swift */ = {isa = PBXFileReference; lastKnownFileType = sourcecode.swift; path = Quote.swift; sourceTree = "<group>"; };
		A731DD772780176C00530EFB /* QuotesManager.swift */ = {isa = PBXFileReference; lastKnownFileType = sourcecode.swift; path = QuotesManager.swift; sourceTree = "<group>"; };
		A731DD79278018D400530EFB /* FirebaseQuotes.swift */ = {isa = PBXFileReference; lastKnownFileType = sourcecode.swift; path = FirebaseQuotes.swift; sourceTree = "<group>"; };
		A731DD7B2780195500530EFB /* Constants.swift */ = {isa = PBXFileReference; lastKnownFileType = sourcecode.swift; path = Constants.swift; sourceTree = "<group>"; };
		A731DD852787453A00530EFB /* LocalNotificationManager.swift */ = {isa = PBXFileReference; lastKnownFileType = sourcecode.swift; path = LocalNotificationManager.swift; sourceTree = "<group>"; };
		A731DD872788A55600530EFB /* QuotesViewController.swift */ = {isa = PBXFileReference; lastKnownFileType = sourcecode.swift; path = QuotesViewController.swift; sourceTree = "<group>"; };
		A731DD892788D63C00530EFB /* QuoteTableViewCell.swift */ = {isa = PBXFileReference; lastKnownFileType = sourcecode.swift; path = QuoteTableViewCell.swift; sourceTree = "<group>"; };
/* End PBXFileReference section */

/* Begin PBXFrameworksBuildPhase section */
		A731DD51277A0B9700530EFB /* Frameworks */ = {
			isa = PBXFrameworksBuildPhase;
			buildActionMask = 2147483647;
			files = (
				A731DD6D277A0D5600530EFB /* FirebaseAuth in Frameworks */,
				A731DD6F277A0D5600530EFB /* FirebaseFirestore in Frameworks */,
			);
			runOnlyForDeploymentPostprocessing = 0;
		};
/* End PBXFrameworksBuildPhase section */

/* Begin PBXGroup section */
		A731DD4B277A0B9700530EFB = {
			isa = PBXGroup;
			children = (
				A731DD56277A0B9700530EFB /* Citate */,
				A731DD55277A0B9700530EFB /* Products */,
			);
			sourceTree = "<group>";
		};
		A731DD55277A0B9700530EFB /* Products */ = {
			isa = PBXGroup;
			children = (
				A731DD54277A0B9700530EFB /* Citate.app */,
			);
			name = Products;
			sourceTree = "<group>";
		};
		A731DD56277A0B9700530EFB /* Citate */ = {
			isa = PBXGroup;
			children = (
				A731DD70277A147F00530EFB /* GoogleService-Info.plist */,
				A731DD57277A0B9700530EFB /* AppDelegate.swift */,
				A731DD59277A0B9700530EFB /* SceneDelegate.swift */,
				A731DD7B2780195500530EFB /* Constants.swift */,
				A731DD732780169500530EFB /* Models */,
				A731DD74278016A900530EFB /* Views */,
				A731DD722780168800530EFB /* Controllers */,
				A731DD60277A0B9B00530EFB /* Assets.xcassets */,
				A731DD62277A0B9B00530EFB /* LaunchScreen.storyboard */,
				A731DD65277A0B9B00530EFB /* Info.plist */,
			);
			path = Citate;
			sourceTree = "<group>";
		};
		A731DD722780168800530EFB /* Controllers */ = {
			isa = PBXGroup;
			children = (
				A731DD872788A55600530EFB /* QuotesViewController.swift */,
			);
			path = Controllers;
			sourceTree = "<group>";
		};
		A731DD732780169500530EFB /* Models */ = {
			isa = PBXGroup;
			children = (
				A731DD75278016DF00530EFB /* Quote.swift */,
				A731DD772780176C00530EFB /* QuotesManager.swift */,
				A731DD79278018D400530EFB /* FirebaseQuotes.swift */,
				A731DD852787453A00530EFB /* LocalNotificationManager.swift */,
			);
			path = Models;
			sourceTree = "<group>";
		};
		A731DD74278016A900530EFB /* Views */ = {
			isa = PBXGroup;
			children = (
				A731DD892788D63C00530EFB /* QuoteTableViewCell.swift */,
			);
			path = Views;
			sourceTree = "<group>";
		};
/* End PBXGroup section */

/* Begin PBXNativeTarget section */
		A731DD53277A0B9700530EFB /* Citate */ = {
			isa = PBXNativeTarget;
			buildConfigurationList = A731DD68277A0B9B00530EFB /* Build configuration list for PBXNativeTarget "Citate" */;
			buildPhases = (
				A731DD50277A0B9700530EFB /* Sources */,
				A731DD51277A0B9700530EFB /* Frameworks */,
				A731DD52277A0B9700530EFB /* Resources */,
			);
			buildRules = (
			);
			dependencies = (
			);
			name = Citate;
			packageProductDependencies = (
				A731DD6C277A0D5600530EFB /* FirebaseAuth */,
				A731DD6E277A0D5600530EFB /* FirebaseFirestore */,
			);
			productName = Citate;
			productReference = A731DD54277A0B9700530EFB /* Citate.app */;
			productType = "com.apple.product-type.application";
		};
/* End PBXNativeTarget section */

/* Begin PBXProject section */
		A731DD4C277A0B9700530EFB /* Project object */ = {
			isa = PBXProject;
			attributes = {
				BuildIndependentTargetsInParallel = 1;
				LastSwiftUpdateCheck = 1300;
				LastUpgradeCheck = 1300;
				TargetAttributes = {
					A731DD53277A0B9700530EFB = {
						CreatedOnToolsVersion = 13.0;
					};
				};
			};
			buildConfigurationList = A731DD4F277A0B9700530EFB /* Build configuration list for PBXProject "Citate" */;
			compatibilityVersion = "Xcode 13.0";
			developmentRegion = en;
			hasScannedForEncodings = 0;
			knownRegions = (
				en,
				Base,
			);
			mainGroup = A731DD4B277A0B9700530EFB;
			packageReferences = (
				A731DD6B277A0D5600530EFB /* XCRemoteSwiftPackageReference "firebase-ios-sdk" */,
			);
			productRefGroup = A731DD55277A0B9700530EFB /* Products */;
			projectDirPath = "";
			projectRoot = "";
			targets = (
				A731DD53277A0B9700530EFB /* Citate */,
			);
		};
/* End PBXProject section */

/* Begin PBXResourcesBuildPhase section */
		A731DD52277A0B9700530EFB /* Resources */ = {
			isa = PBXResourcesBuildPhase;
			buildActionMask = 2147483647;
			files = (
				A731DD64277A0B9B00530EFB /* LaunchScreen.storyboard in Resources */,
				A731DD71277A147F00530EFB /* GoogleService-Info.plist in Resources */,
				A731DD61277A0B9B00530EFB /* Assets.xcassets in Resources */,
			);
			runOnlyForDeploymentPostprocessing = 0;
		};
/* End PBXResourcesBuildPhase section */

/* Begin PBXSourcesBuildPhase section */
		A731DD50277A0B9700530EFB /* Sources */ = {
			isa = PBXSourcesBuildPhase;
			buildActionMask = 2147483647;
			files = (
				A731DD782780176C00530EFB /* QuotesManager.swift in Sources */,
				A731DD76278016DF00530EFB /* Quote.swift in Sources */,
				A731DD8A2788D63C00530EFB /* QuoteTableViewCell.swift in Sources */,
				A731DD58277A0B9700530EFB /* AppDelegate.swift in Sources */,
				A731DD7C2780195500530EFB /* Constants.swift in Sources */,
				A731DD862787453A00530EFB /* LocalNotificationManager.swift in Sources */,
				A731DD882788A55700530EFB /* QuotesViewController.swift in Sources */,
				A731DD5A277A0B9700530EFB /* SceneDelegate.swift in Sources */,
				A731DD7A278018D400530EFB /* FirebaseQuotes.swift in Sources */,
			);
			runOnlyForDeploymentPostprocessing = 0;
		};
/* End PBXSourcesBuildPhase section */

/* Begin PBXVariantGroup section */
		A731DD62277A0B9B00530EFB /* LaunchScreen.storyboard */ = {
			isa = PBXVariantGroup;
			children = (
				A731DD63277A0B9B00530EFB /* Base */,
			);
			name = LaunchScreen.storyboard;
			sourceTree = "<group>";
		};
/* End PBXVariantGroup section */

/* Begin XCBuildConfiguration section */
		A731DD66277A0B9B00530EFB /* Debug */ = {
			isa = XCBuildConfiguration;
			buildSettings = {
				ALWAYS_SEARCH_USER_PATHS = NO;
				CLANG_ANALYZER_NONNULL = YES;
				CLANG_ANALYZER_NUMBER_OBJECT_CONVERSION = YES_AGGRESSIVE;
				CLANG_CXX_LANGUAGE_STANDARD = "gnu++17";
				CLANG_CXX_LIBRARY = "libc++";
				CLANG_ENABLE_MODULES = YES;
				CLANG_ENABLE_OBJC_ARC = YES;
				CLANG_ENABLE_OBJC_WEAK = YES;
				CLANG_WARN_BLOCK_CAPTURE_AUTORELEASING = YES;
				CLANG_WARN_BOOL_CONVERSION = YES;
				CLANG_WARN_COMMA = YES;
				CLANG_WARN_CONSTANT_CONVERSION = YES;
				CLANG_WARN_DEPRECATED_OBJC_IMPLEMENTATIONS = YES;
				CLANG_WARN_DIRECT_OBJC_ISA_USAGE = YES_ERROR;
				CLANG_WARN_DOCUMENTATION_COMMENTS = YES;
				CLANG_WARN_EMPTY_BODY = YES;
				CLANG_WARN_ENUM_CONVERSION = YES;
				CLANG_WARN_INFINITE_RECURSION = YES;
				CLANG_WARN_INT_CONVERSION = YES;
				CLANG_WARN_NON_LITERAL_NULL_CONVERSION = YES;
				CLANG_WARN_OBJC_IMPLICIT_RETAIN_SELF = YES;
				CLANG_WARN_OBJC_LITERAL_CONVERSION = YES;
				CLANG_WARN_OBJC_ROOT_CLASS = YES_ERROR;
				CLANG_WARN_QUOTED_INCLUDE_IN_FRAMEWORK_HEADER = YES;
				CLANG_WARN_RANGE_LOOP_ANALYSIS = YES;
				CLANG_WARN_STRICT_PROTOTYPES = YES;
				CLANG_WARN_SUSPICIOUS_MOVE = YES;
				CLANG_WARN_UNGUARDED_AVAILABILITY = YES_AGGRESSIVE;
				CLANG_WARN_UNREACHABLE_CODE = YES;
				CLANG_WARN__DUPLICATE_METHOD_MATCH = YES;
				COPY_PHASE_STRIP = NO;
				DEBUG_INFORMATION_FORMAT = dwarf;
				ENABLE_STRICT_OBJC_MSGSEND = YES;
				ENABLE_TESTABILITY = YES;
				GCC_C_LANGUAGE_STANDARD = gnu11;
				GCC_DYNAMIC_NO_PIC = NO;
				GCC_NO_COMMON_BLOCKS = YES;
				GCC_OPTIMIZATION_LEVEL = 0;
				GCC_PREPROCESSOR_DEFINITIONS = (
					"DEBUG=1",
					"$(inherited)",
				);
				GCC_WARN_64_TO_32_BIT_CONVERSION = YES;
				GCC_WARN_ABOUT_RETURN_TYPE = YES_ERROR;
				GCC_WARN_UNDECLARED_SELECTOR = YES;
				GCC_WARN_UNINITIALIZED_AUTOS = YES_AGGRESSIVE;
				GCC_WARN_UNUSED_FUNCTION = YES;
				GCC_WARN_UNUSED_VARIABLE = YES;
				IPHONEOS_DEPLOYMENT_TARGET = 15.0;
				MTL_ENABLE_DEBUG_INFO = INCLUDE_SOURCE;
				MTL_FAST_MATH = YES;
				ONLY_ACTIVE_ARCH = YES;
				SDKROOT = iphoneos;
				SWIFT_ACTIVE_COMPILATION_CONDITIONS = DEBUG;
				SWIFT_OPTIMIZATION_LEVEL = "-Onone";
			};
			name = Debug;
		};
		A731DD67277A0B9B00530EFB /* Release */ = {
			isa = XCBuildConfiguration;
			buildSettings = {
				ALWAYS_SEARCH_USER_PATHS = NO;
				CLANG_ANALYZER_NONNULL = YES;
				CLANG_ANALYZER_NUMBER_OBJECT_CONVERSION = YES_AGGRESSIVE;
				CLANG_CXX_LANGUAGE_STANDARD = "gnu++17";
				CLANG_CXX_LIBRARY = "libc++";
				CLANG_ENABLE_MODULES = YES;
				CLANG_ENABLE_OBJC_ARC = YES;
				CLANG_ENABLE_OBJC_WEAK = YES;
				CLANG_WARN_BLOCK_CAPTURE_AUTORELEASING = YES;
				CLANG_WARN_BOOL_CONVERSION = YES;
				CLANG_WARN_COMMA = YES;
				CLANG_WARN_CONSTANT_CONVERSION = YES;
				CLANG_WARN_DEPRECATED_OBJC_IMPLEMENTATIONS = YES;
				CLANG_WARN_DIRECT_OBJC_ISA_USAGE = YES_ERROR;
				CLANG_WARN_DOCUMENTATION_COMMENTS = YES;
				CLANG_WARN_EMPTY_BODY = YES;
				CLANG_WARN_ENUM_CONVERSION = YES;
				CLANG_WARN_INFINITE_RECURSION = YES;
				CLANG_WARN_INT_CONVERSION = YES;
				CLANG_WARN_NON_LITERAL_NULL_CONVERSION = YES;
				CLANG_WARN_OBJC_IMPLICIT_RETAIN_SELF = YES;
				CLANG_WARN_OBJC_LITERAL_CONVERSION = YES;
				CLANG_WARN_OBJC_ROOT_CLASS = YES_ERROR;
				CLANG_WARN_QUOTED_INCLUDE_IN_FRAMEWORK_HEADER = YES;
				CLANG_WARN_RANGE_LOOP_ANALYSIS = YES;
				CLANG_WARN_STRICT_PROTOTYPES = YES;
				CLANG_WARN_SUSPICIOUS_MOVE = YES;
				CLANG_WARN_UNGUARDED_AVAILABILITY = YES_AGGRESSIVE;
				CLANG_WARN_UNREACHABLE_CODE = YES;
				CLANG_WARN__DUPLICATE_METHOD_MATCH = YES;
				COPY_PHASE_STRIP = NO;
				DEBUG_INFORMATION_FORMAT = "dwarf-with-dsym";
				ENABLE_NS_ASSERTIONS = NO;
				ENABLE_STRICT_OBJC_MSGSEND = YES;
				GCC_C_LANGUAGE_STANDARD = gnu11;
				GCC_NO_COMMON_BLOCKS = YES;
				GCC_WARN_64_TO_32_BIT_CONVERSION = YES;
				GCC_WARN_ABOUT_RETURN_TYPE = YES_ERROR;
				GCC_WARN_UNDECLARED_SELECTOR = YES;
				GCC_WARN_UNINITIALIZED_AUTOS = YES_AGGRESSIVE;
				GCC_WARN_UNUSED_FUNCTION = YES;
				GCC_WARN_UNUSED_VARIABLE = YES;
				IPHONEOS_DEPLOYMENT_TARGET = 15.0;
				MTL_ENABLE_DEBUG_INFO = NO;
				MTL_FAST_MATH = YES;
				SDKROOT = iphoneos;
				SWIFT_COMPILATION_MODE = wholemodule;
				SWIFT_OPTIMIZATION_LEVEL = "-O";
				VALIDATE_PRODUCT = YES;
			};
			name = Release;
		};
		A731DD69277A0B9B00530EFB /* Debug */ = {
			isa = XCBuildConfiguration;
			buildSettings = {
				ASSETCATALOG_COMPILER_APPICON_NAME = AppIcon;
				ASSETCATALOG_COMPILER_GLOBAL_ACCENT_COLOR_NAME = AccentColor;
				CODE_SIGN_STYLE = Automatic;
				CURRENT_PROJECT_VERSION = 1;
				DEVELOPMENT_TEAM = 99HLL2MZ5J;
				GENERATE_INFOPLIST_FILE = YES;
				INFOPLIST_FILE = Citate/Info.plist;
				INFOPLIST_KEY_UIApplicationSupportsIndirectInputEvents = YES;
				INFOPLIST_KEY_UILaunchStoryboardName = LaunchScreen;
				INFOPLIST_KEY_UISupportedInterfaceOrientations_iPad = "UIInterfaceOrientationPortrait UIInterfaceOrientationPortraitUpsideDown UIInterfaceOrientationLandscapeLeft UIInterfaceOrientationLandscapeRight";
				INFOPLIST_KEY_UISupportedInterfaceOrientations_iPhone = "UIInterfaceOrientationPortrait UIInterfaceOrientationLandscapeLeft UIInterfaceOrientationLandscapeRight";
				LD_RUNPATH_SEARCH_PATHS = (
					"$(inherited)",
					"@executable_path/Frameworks",
				);
				MARKETING_VERSION = 1.0;
				PRODUCT_BUNDLE_IDENTIFIER = com.valentinaungurean.citate;
				PRODUCT_NAME = "$(TARGET_NAME)";
				SWIFT_EMIT_LOC_STRINGS = YES;
				SWIFT_VERSION = 5.0;
				TARGETED_DEVICE_FAMILY = "1,2";
			};
			name = Debug;
		};
		A731DD6A277A0B9B00530EFB /* Release */ = {
			isa = XCBuildConfiguration;
			buildSettings = {
				ASSETCATALOG_COMPILER_APPICON_NAME = AppIcon;
				ASSETCATALOG_COMPILER_GLOBAL_ACCENT_COLOR_NAME = AccentColor;
				CODE_SIGN_STYLE = Automatic;
				CURRENT_PROJECT_VERSION = 1;
				DEVELOPMENT_TEAM = 99HLL2MZ5J;
				GENERATE_INFOPLIST_FILE = YES;
				INFOPLIST_FILE = Citate/Info.plist;
				INFOPLIST_KEY_UIApplicationSupportsIndirectInputEvents = YES;
				INFOPLIST_KEY_UILaunchStoryboardName = LaunchScreen;
				INFOPLIST_KEY_UISupportedInterfaceOrientations_iPad = "UIInterfaceOrientationPortrait UIInterfaceOrientationPortraitUpsideDown UIInterfaceOrientationLandscapeLeft UIInterfaceOrientationLandscapeRight";
				INFOPLIST_KEY_UISupportedInterfaceOrientations_iPhone = "UIInterfaceOrientationPortrait UIInterfaceOrientationLandscapeLeft UIInterfaceOrientationLandscapeRight";
				LD_RUNPATH_SEARCH_PATHS = (
					"$(inherited)",
					"@executable_path/Frameworks",
				);
				MARKETING_VERSION = 1.0;
				PRODUCT_BUNDLE_IDENTIFIER = com.valentinaungurean.citate;
				PRODUCT_NAME = "$(TARGET_NAME)";
				SWIFT_EMIT_LOC_STRINGS = YES;
				SWIFT_VERSION = 5.0;
				TARGETED_DEVICE_FAMILY = "1,2";
			};
			name = Release;
		};
/* End XCBuildConfiguration section */

/* Begin XCConfigurationList section */
		A731DD4F277A0B9700530EFB /* Build configuration list for PBXProject "Citate" */ = {
			isa = XCConfigurationList;
			buildConfigurations = (
				A731DD66277A0B9B00530EFB /* Debug */,
				A731DD67277A0B9B00530EFB /* Release */,
			);
			defaultConfigurationIsVisible = 0;
			defaultConfigurationName = Release;
		};
		A731DD68277A0B9B00530EFB /* Build configuration list for PBXNativeTarget "Citate" */ = {
			isa = XCConfigurationList;
			buildConfigurations = (
				A731DD69277A0B9B00530EFB /* Debug */,
				A731DD6A277A0B9B00530EFB /* Release */,
			);
			defaultConfigurationIsVisible = 0;
			defaultConfigurationName = Release;
		};
/* End XCConfigurationList section */

/* Begin XCRemoteSwiftPackageReference section */
		A731DD6B277A0D5600530EFB /* XCRemoteSwiftPackageReference "firebase-ios-sdk" */ = {
			isa = XCRemoteSwiftPackageReference;
			repositoryURL = "https://github.com/firebase/firebase-ios-sdk";
			requirement = {
				kind = upToNextMajorVersion;
				minimumVersion = 8.0.0;
			};
		};
/* End XCRemoteSwiftPackageReference section */

/* Begin XCSwiftPackageProductDependency section */
		A731DD6C277A0D5600530EFB /* FirebaseAuth */ = {
			isa = XCSwiftPackageProductDependency;
			package = A731DD6B277A0D5600530EFB /* XCRemoteSwiftPackageReference "firebase-ios-sdk" */;
			productName = FirebaseAuth;
		};
		A731DD6E277A0D5600530EFB /* FirebaseFirestore */ = {
			isa = XCSwiftPackageProductDependency;
			package = A731DD6B277A0D5600530EFB /* XCRemoteSwiftPackageReference "firebase-ios-sdk" */;
			productName = FirebaseFirestore;
		};
/* End XCSwiftPackageProductDependency section */
	};
	rootObject = A731DD4C277A0B9700530EFB /* Project object */;
}
